prepare:
  cmd: python3 src/prepare.py data/prepared
  deps:
  - path: src/prepare.py
    md5: d7bbe25ea6140ebac71dbcd3627f87f4
  params:
    params.yaml:
      prepare.categories:
      - comp.graphics
      - sci.space
  outs:
  - path: data/prepared
    md5: 3a909cff29bc5982f1a7cedfbae14d58.dir
featurize:
  cmd: python3 src/featurize.py data/prepared data/features
  deps:
  - path: data/prepared
    md5: 3a909cff29bc5982f1a7cedfbae14d58.dir
  - path: src/featurize.py
    md5: 7a0903b9ed6520f5b3b7edb4c2073158
  outs:
  - path: data/features
    md5: d399ee90dcdbb583a372c92b3e48078b.dir
train:
  cmd: python3 src/train.py data/features model.pkl
  deps:
  - path: data/features
    md5: d399ee90dcdbb583a372c92b3e48078b.dir
  - path: src/train.py
    md5: 2221d18315cfb0ff074739e78a57d4cc
  params:
    params.yaml:
      train.alpha: 0.9
  outs:
  - path: model.pkl
    md5: 0aa2f72ac478ce9098dc379cfb0e9b93
evaluate:
  cmd: python3 src/evaluate.py model.pkl data/features scores.json plots.json
  deps:
  - path: data/features
    md5: d399ee90dcdbb583a372c92b3e48078b.dir
  - path: model.pkl
    md5: 0aa2f72ac478ce9098dc379cfb0e9b93
  - path: src/evaluate.py
    md5: 11d9dabde94952ff57dd205ba12b440c
  outs:
  - path: plots.json
    md5: 393f89230230bcc4cbc2f8102e0c9fc8
  - path: scores.json
    md5: 512fa9048bc1cc6036861e97a116af6f
